
Microsoft Visual Studio Solution File, Format Version 12.00
# Visual Studio 14
VisualStudioVersion = 14.0.23107.0
MinimumVisualStudioVersion = 10.0.40219.1
Project("{8BC9CEB8-8B4A-11D0-8D11-00A0C91BC942}") = "MyDevCtrl", "MyDevCtrl\MyDevCtrl.vcxproj", "{B5859AB1-EC4D-4C0D-B504-08DA7EE6CAD8}"
EndProject
Project("{8BC9CEB8-8B4A-11D0-8D11-00A0C91BC942}") = "MyDevServer", "MyDevServer\MyDevServer.vcxproj", "{A1486321-BA39-4011-8C64-5256A011E355}"
EndProject
Global
	GlobalSection(SolutionConfigurationPlatforms) = preSolution
		Debug|x64 = Debug|x64
		Debug|x86 = Debug|x86
		Release|x64 = Release|x64
		Release|x86 = Release|x86
	EndGlobalSection
	GlobalSection(ProjectConfigurationPlatforms) = postSolution
		{B5859AB1-EC4D-4C0D-B504-08DA7EE6CAD8}.Debug|x64.ActiveCfg = Debug|x64
		{B5859AB1-EC4D-4C0D-B504-08DA7EE6CAD8}.Debug|x64.Build.0 = Debug|x64
		{B5859AB1-EC4D-4C0D-B504-08DA7EE6CAD8}.Debug|x86.ActiveCfg = Debug|Win32
		{B5859AB1-EC4D-4C0D-B504-08DA7EE6CAD8}.Debug|x86.Build.0 = Debug|Win32
		{B5859AB1-EC4D-4C0D-B504-08DA7EE6CAD8}.Release|x64.ActiveCfg = Release|x64
		{B5859AB1-EC4D-4C0D-B504-08DA7EE6CAD8}.Release|x64.Build.0 = Release|x64
		{B5859AB1-EC4D-4C0D-B504-08DA7EE6CAD8}.Release|x86.ActiveCfg = Release|Win32
		{B5859AB1-EC4D-4C0D-B504-08DA7EE6CAD8}.Release|x86.Build.0 = Release|Win32
		{A1486321-BA39-4011-8C64-5256A011E355}.Debug|x64.ActiveCfg = Debug|x64
		{A1486321-BA39-4011-8C64-5256A011E355}.Debug|x64.Build.0 = Debug|x64
		{A1486321-BA39-4011-8C64-5256A011E355}.Debug|x86.ActiveCfg = Debug|Win32
		{A1486321-BA39-4011-8C64-5256A011E355}.Debug|x86.Build.0 = Debug|Win32
		{A1486321-BA39-4011-8C64-5256A011E355}.Release|x64.ActiveCfg = Release|x64
		{A1486321-BA39-4011-8C64-5256A011E355}.Release|x64.Build.0 = Release|x64
		{A1486321-BA39-4011-8C64-5256A011E355}.Release|x86.ActiveCfg = Release|Win32
		{A1486321-BA39-4011-8C64-5256A011E355}.Release|x86.Build.0 = Release|Win32
	EndGlobalSection
	GlobalSection(SolutionProperties) = preSolution
		HideSolutionNode = FALSE
	EndGlobalSection
EndGlobal
