
Microsoft Visual Studio Solution File, Format Version 12.00
# Visual Studio 14
VisualStudioVersion = 14.0.23107.0
MinimumVisualStudioVersion = 10.0.40219.1
Project("{8BC9CEB8-8B4A-11D0-8D11-00A0C91BC942}") = "Day_3", "Day_3\Day_3.vcxproj", "{518D336D-05BC-47A0-815D-5C59AA9F0092}"
EndProject
Project("{8BC9CEB8-8B4A-11D0-8D11-00A0C91BC942}") = "OpenMP", "OpenMP\OpenMP.vcxproj", "{12517000-938F-4275-97A8-ADF42589CB33}"
EndProject
Project("{8BC9CEB8-8B4A-11D0-8D11-00A0C91BC942}") = "NamedPipeClient", "NamedPipeClient\NamedPipeClient.vcxproj", "{91FC3DDC-0BE1-49F9-AF71-7C7266DDDEEF}"
EndProject
Project("{8BC9CEB8-8B4A-11D0-8D11-00A0C91BC942}") = "MultiPipeClient", "MultiPipeClient\MultiPipeClient.vcxproj", "{CF277BC5-F969-45F9-BFB3-C10C7B039E4A}"
EndProject
Global
	GlobalSection(SolutionConfigurationPlatforms) = preSolution
		Debug|x64 = Debug|x64
		Debug|x86 = Debug|x86
		Release|x64 = Release|x64
		Release|x86 = Release|x86
	EndGlobalSection
	GlobalSection(ProjectConfigurationPlatforms) = postSolution
		{518D336D-05BC-47A0-815D-5C59AA9F0092}.Debug|x64.ActiveCfg = Debug|x64
		{518D336D-05BC-47A0-815D-5C59AA9F0092}.Debug|x64.Build.0 = Debug|x64
		{518D336D-05BC-47A0-815D-5C59AA9F0092}.Debug|x86.ActiveCfg = Debug|Win32
		{518D336D-05BC-47A0-815D-5C59AA9F0092}.Debug|x86.Build.0 = Debug|Win32
		{518D336D-05BC-47A0-815D-5C59AA9F0092}.Release|x64.ActiveCfg = Release|x64
		{518D336D-05BC-47A0-815D-5C59AA9F0092}.Release|x64.Build.0 = Release|x64
		{518D336D-05BC-47A0-815D-5C59AA9F0092}.Release|x86.ActiveCfg = Release|Win32
		{518D336D-05BC-47A0-815D-5C59AA9F0092}.Release|x86.Build.0 = Release|Win32
		{12517000-938F-4275-97A8-ADF42589CB33}.Debug|x64.ActiveCfg = Debug|x64
		{12517000-938F-4275-97A8-ADF42589CB33}.Debug|x64.Build.0 = Debug|x64
		{12517000-938F-4275-97A8-ADF42589CB33}.Debug|x86.ActiveCfg = Debug|Win32
		{12517000-938F-4275-97A8-ADF42589CB33}.Debug|x86.Build.0 = Debug|Win32
		{12517000-938F-4275-97A8-ADF42589CB33}.Release|x64.ActiveCfg = Release|x64
		{12517000-938F-4275-97A8-ADF42589CB33}.Release|x64.Build.0 = Release|x64
		{12517000-938F-4275-97A8-ADF42589CB33}.Release|x86.ActiveCfg = Release|Win32
		{12517000-938F-4275-97A8-ADF42589CB33}.Release|x86.Build.0 = Release|Win32
		{91FC3DDC-0BE1-49F9-AF71-7C7266DDDEEF}.Debug|x64.ActiveCfg = Debug|x64
		{91FC3DDC-0BE1-49F9-AF71-7C7266DDDEEF}.Debug|x64.Build.0 = Debug|x64
		{91FC3DDC-0BE1-49F9-AF71-7C7266DDDEEF}.Debug|x86.ActiveCfg = Debug|Win32
		{91FC3DDC-0BE1-49F9-AF71-7C7266DDDEEF}.Debug|x86.Build.0 = Debug|Win32
		{91FC3DDC-0BE1-49F9-AF71-7C7266DDDEEF}.Release|x64.ActiveCfg = Release|x64
		{91FC3DDC-0BE1-49F9-AF71-7C7266DDDEEF}.Release|x64.Build.0 = Release|x64
		{91FC3DDC-0BE1-49F9-AF71-7C7266DDDEEF}.Release|x86.ActiveCfg = Release|Win32
		{91FC3DDC-0BE1-49F9-AF71-7C7266DDDEEF}.Release|x86.Build.0 = Release|Win32
		{CF277BC5-F969-45F9-BFB3-C10C7B039E4A}.Debug|x64.ActiveCfg = Debug|x64
		{CF277BC5-F969-45F9-BFB3-C10C7B039E4A}.Debug|x64.Build.0 = Debug|x64
		{CF277BC5-F969-45F9-BFB3-C10C7B039E4A}.Debug|x86.ActiveCfg = Debug|Win32
		{CF277BC5-F969-45F9-BFB3-C10C7B039E4A}.Debug|x86.Build.0 = Debug|Win32
		{CF277BC5-F969-45F9-BFB3-C10C7B039E4A}.Release|x64.ActiveCfg = Release|x64
		{CF277BC5-F969-45F9-BFB3-C10C7B039E4A}.Release|x64.Build.0 = Release|x64
		{CF277BC5-F969-45F9-BFB3-C10C7B039E4A}.Release|x86.ActiveCfg = Release|Win32
		{CF277BC5-F969-45F9-BFB3-C10C7B039E4A}.Release|x86.Build.0 = Release|Win32
	EndGlobalSection
	GlobalSection(SolutionProperties) = preSolution
		HideSolutionNode = FALSE
	EndGlobalSection
EndGlobal
